
Microsoft Visual Studio Solution File, Format Version 12.00
# Visual Studio Version 16
VisualStudioVersion = 16.0.30114.105
MinimumVisualStudioVersion = 10.0.40219.1
Project("{FAE04EC0-301F-11D3-BF4B-00C04F79EFBC}") = "FilmDomain", "FilmDomain\FilmDomain.csproj", "{656906A4-0B94-45A3-9EFF-E37342E4F171}"
EndProject
Project("{FAE04EC0-301F-11D3-BF4B-00C04F79EFBC}") = "FilmDataAccess.EFCore", "FilmDataAccess.EFCore\FilmDataAccess.EFCore.csproj", "{4BFE2D1F-DA01-4450-9323-8D59652C1BD2}"
EndProject
Project("{FAE04EC0-301F-11D3-BF4B-00C04F79EFBC}") = "ConfigUtils", "ConfigUtils\ConfigUtils.csproj", "{8213DFE4-D54B-4ECF-AA89-DDD23DF77233}"
EndProject
Project("{FAE04EC0-301F-11D3-BF4B-00C04F79EFBC}") = "FilmCRUD", "FilmCRUD\FilmCRUD.csproj", "{0E7E8989-1C6D-44A0-A2A5-6DC7CF79B5C4}"
EndProject
Project("{FAE04EC0-301F-11D3-BF4B-00C04F79EFBC}") = "DepotTests", "DepotTests\DepotTests.csproj", "{B231DF13-09A0-442A-846C-896134285ECD}"
EndProject
Project("{FAE04EC0-301F-11D3-BF4B-00C04F79EFBC}") = "MovieAPIClients", "MovieAPIClients\MovieAPIClients.csproj", "{EF5083A9-1CC4-4297-B884-82D3915AAFC0}"
EndProject
Global
	GlobalSection(SolutionConfigurationPlatforms) = preSolution
		Debug|Any CPU = Debug|Any CPU
		Release|Any CPU = Release|Any CPU
	EndGlobalSection
	GlobalSection(SolutionProperties) = preSolution
		HideSolutionNode = FALSE
	EndGlobalSection
	GlobalSection(ProjectConfigurationPlatforms) = postSolution
		{656906A4-0B94-45A3-9EFF-E37342E4F171}.Debug|Any CPU.ActiveCfg = Debug|Any CPU
		{656906A4-0B94-45A3-9EFF-E37342E4F171}.Debug|Any CPU.Build.0 = Debug|Any CPU
		{656906A4-0B94-45A3-9EFF-E37342E4F171}.Release|Any CPU.ActiveCfg = Release|Any CPU
		{656906A4-0B94-45A3-9EFF-E37342E4F171}.Release|Any CPU.Build.0 = Release|Any CPU
		{4BFE2D1F-DA01-4450-9323-8D59652C1BD2}.Debug|Any CPU.ActiveCfg = Debug|Any CPU
		{4BFE2D1F-DA01-4450-9323-8D59652C1BD2}.Debug|Any CPU.Build.0 = Debug|Any CPU
		{4BFE2D1F-DA01-4450-9323-8D59652C1BD2}.Release|Any CPU.ActiveCfg = Release|Any CPU
		{4BFE2D1F-DA01-4450-9323-8D59652C1BD2}.Release|Any CPU.Build.0 = Release|Any CPU
		{8213DFE4-D54B-4ECF-AA89-DDD23DF77233}.Debug|Any CPU.ActiveCfg = Debug|Any CPU
		{8213DFE4-D54B-4ECF-AA89-DDD23DF77233}.Debug|Any CPU.Build.0 = Debug|Any CPU
		{8213DFE4-D54B-4ECF-AA89-DDD23DF77233}.Release|Any CPU.ActiveCfg = Release|Any CPU
		{8213DFE4-D54B-4ECF-AA89-DDD23DF77233}.Release|Any CPU.Build.0 = Release|Any CPU
		{0E7E8989-1C6D-44A0-A2A5-6DC7CF79B5C4}.Debug|Any CPU.ActiveCfg = Debug|Any CPU
		{0E7E8989-1C6D-44A0-A2A5-6DC7CF79B5C4}.Debug|Any CPU.Build.0 = Debug|Any CPU
		{0E7E8989-1C6D-44A0-A2A5-6DC7CF79B5C4}.Release|Any CPU.ActiveCfg = Release|Any CPU
		{0E7E8989-1C6D-44A0-A2A5-6DC7CF79B5C4}.Release|Any CPU.Build.0 = Release|Any CPU
		{B231DF13-09A0-442A-846C-896134285ECD}.Debug|Any CPU.ActiveCfg = Debug|Any CPU
		{B231DF13-09A0-442A-846C-896134285ECD}.Debug|Any CPU.Build.0 = Debug|Any CPU
		{B231DF13-09A0-442A-846C-896134285ECD}.Release|Any CPU.ActiveCfg = Release|Any CPU
		{B231DF13-09A0-442A-846C-896134285ECD}.Release|Any CPU.Build.0 = Release|Any CPU
		{EF5083A9-1CC4-4297-B884-82D3915AAFC0}.Debug|Any CPU.ActiveCfg = Debug|Any CPU
		{EF5083A9-1CC4-4297-B884-82D3915AAFC0}.Debug|Any CPU.Build.0 = Debug|Any CPU
		{EF5083A9-1CC4-4297-B884-82D3915AAFC0}.Release|Any CPU.ActiveCfg = Release|Any CPU
		{EF5083A9-1CC4-4297-B884-82D3915AAFC0}.Release|Any CPU.Build.0 = Release|Any CPU
	EndGlobalSection
EndGlobal
